// !$*UTF8*$!
{
	archiveVersion = 1;
	classes = {
	};
	objectVersion = 50;
	objects = {

/* Begin PBXBuildFile section */
		BAA9CE0325E54CEA005A5648 /* CalcViewController.swift in Sources */ = {isa = PBXBuildFile; fileRef = BAA9CE0225E54CEA005A5648 /* CalcViewController.swift */; };
		BAA9CE0725E55005005A5648 /* TabBarController.swift in Sources */ = {isa = PBXBuildFile; fileRef = BAA9CE0625E55005005A5648 /* TabBarController.swift */; };
		BAC834CC25F26DDE004E7D54 /* Result1ViewController.swift in Sources */ = {isa = PBXBuildFile; fileRef = BAC834CB25F26DDE004E7D54 /* Result1ViewController.swift */; };
		BAC834CF25F272F3004E7D54 /* Calc.swift in Sources */ = {isa = PBXBuildFile; fileRef = BAC834CE25F272F3004E7D54 /* Calc.swift */; };
		BAD50E2E25E6740400122273 /* CalcTableViewCell.swift in Sources */ = {isa = PBXBuildFile; fileRef = BAD50E2C25E6740400122273 /* CalcTableViewCell.swift */; };
		BAD50E2F25E6740400122273 /* CalcTableViewCell.xib in Resources */ = {isa = PBXBuildFile; fileRef = BAD50E2D25E6740400122273 /* CalcTableViewCell.xib */; };
		BAD50E3325E6746600122273 /* Color.swift in Sources */ = {isa = PBXBuildFile; fileRef = BAD50E3225E6746600122273 /* Color.swift */; };
		BAD8D03025E7398F00B03DA2 /* Calc1.storyboard in Resources */ = {isa = PBXBuildFile; fileRef = BAD8D02F25E7398F00B03DA2 /* Calc1.storyboard */; };
		BAD8D03425E739E600B03DA2 /* Calc1ViewController.swift in Sources */ = {isa = PBXBuildFile; fileRef = BAD8D03325E739E600B03DA2 /* Calc1ViewController.swift */; };
		BAF405B925E4904A00F0930C /* AppDelegate.swift in Sources */ = {isa = PBXBuildFile; fileRef = BAF405B825E4904A00F0930C /* AppDelegate.swift */; };
		BAF405BB25E4904A00F0930C /* SceneDelegate.swift in Sources */ = {isa = PBXBuildFile; fileRef = BAF405BA25E4904A00F0930C /* SceneDelegate.swift */; };
		BAF405C025E4904A00F0930C /* TabBar.storyboard in Resources */ = {isa = PBXBuildFile; fileRef = BAF405BE25E4904A00F0930C /* TabBar.storyboard */; };
		BAF405C225E4904A00F0930C /* Assets.xcassets in Resources */ = {isa = PBXBuildFile; fileRef = BAF405C125E4904A00F0930C /* Assets.xcassets */; };
		BAF405C525E4904A00F0930C /* LaunchScreen.storyboard in Resources */ = {isa = PBXBuildFile; fileRef = BAF405C325E4904A00F0930C /* LaunchScreen.storyboard */; };
/* End PBXBuildFile section */

/* Begin PBXFileReference section */
		BAA9CE0225E54CEA005A5648 /* CalcViewController.swift */ = {isa = PBXFileReference; lastKnownFileType = sourcecode.swift; path = CalcViewController.swift; sourceTree = "<group>"; };
		BAA9CE0625E55005005A5648 /* TabBarController.swift */ = {isa = PBXFileReference; lastKnownFileType = sourcecode.swift; path = TabBarController.swift; sourceTree = "<group>"; };
		BAC834CB25F26DDE004E7D54 /* Result1ViewController.swift */ = {isa = PBXFileReference; lastKnownFileType = sourcecode.swift; path = Result1ViewController.swift; sourceTree = "<group>"; };
		BAC834CE25F272F3004E7D54 /* Calc.swift */ = {isa = PBXFileReference; lastKnownFileType = sourcecode.swift; path = Calc.swift; sourceTree = "<group>"; };
		BAD50E2C25E6740400122273 /* CalcTableViewCell.swift */ = {isa = PBXFileReference; lastKnownFileType = sourcecode.swift; path = CalcTableViewCell.swift; sourceTree = "<group>"; };
		BAD50E2D25E6740400122273 /* CalcTableViewCell.xib */ = {isa = PBXFileReference; lastKnownFileType = file.xib; path = CalcTableViewCell.xib; sourceTree = "<group>"; };
		BAD50E3225E6746600122273 /* Color.swift */ = {isa = PBXFileReference; lastKnownFileType = sourcecode.swift; path = Color.swift; sourceTree = "<group>"; };
		BAD8D02F25E7398F00B03DA2 /* Calc1.storyboard */ = {isa = PBXFileReference; lastKnownFileType = file.storyboard; path = Calc1.storyboard; sourceTree = "<group>"; };
		BAD8D03325E739E600B03DA2 /* Calc1ViewController.swift */ = {isa = PBXFileReference; lastKnownFileType = sourcecode.swift; path = Calc1ViewController.swift; sourceTree = "<group>"; };
		BAF405B525E4904A00F0930C /* MoneyApp.app */ = {isa = PBXFileReference; explicitFileType = wrapper.application; includeInIndex = 0; path = MoneyApp.app; sourceTree = BUILT_PRODUCTS_DIR; };
		BAF405B825E4904A00F0930C /* AppDelegate.swift */ = {isa = PBXFileReference; lastKnownFileType = sourcecode.swift; path = AppDelegate.swift; sourceTree = "<group>"; };
		BAF405BA25E4904A00F0930C /* SceneDelegate.swift */ = {isa = PBXFileReference; lastKnownFileType = sourcecode.swift; path = SceneDelegate.swift; sourceTree = "<group>"; };
		BAF405BF25E4904A00F0930C /* Base */ = {isa = PBXFileReference; lastKnownFileType = file.storyboard; name = Base; path = Base.lproj/TabBar.storyboard; sourceTree = "<group>"; };
		BAF405C125E4904A00F0930C /* Assets.xcassets */ = {isa = PBXFileReference; lastKnownFileType = folder.assetcatalog; path = Assets.xcassets; sourceTree = "<group>"; };
		BAF405C425E4904A00F0930C /* Base */ = {isa = PBXFileReference; lastKnownFileType = file.storyboard; name = Base; path = Base.lproj/LaunchScreen.storyboard; sourceTree = "<group>"; };
		BAF405C625E4904A00F0930C /* Info.plist */ = {isa = PBXFileReference; lastKnownFileType = text.plist.xml; path = Info.plist; sourceTree = "<group>"; };
/* End PBXFileReference section */

/* Begin PBXFrameworksBuildPhase section */
		BAF405B225E4904A00F0930C /* Frameworks */ = {
			isa = PBXFrameworksBuildPhase;
			buildActionMask = 2147483647;
			files = (
			);
			runOnlyForDeploymentPostprocessing = 0;
		};
/* End PBXFrameworksBuildPhase section */

/* Begin PBXGroup section */
		BAA9CDFE25E54C1F005A5648 /* Storyboard */ = {
			isa = PBXGroup;
			children = (
				BAF405BE25E4904A00F0930C /* TabBar.storyboard */,
				BAD50E2A25E6733E00122273 /* ShowCalcStoryboard */,
			);
			path = Storyboard;
			sourceTree = "<group>";
		};
		BAD50E2A25E6733E00122273 /* ShowCalcStoryboard */ = {
			isa = PBXGroup;
			children = (
				BAD8D02F25E7398F00B03DA2 /* Calc1.storyboard */,
			);
			path = ShowCalcStoryboard;
			sourceTree = "<group>";
		};
		BAD50E3125E6741400122273 /* xib */ = {
			isa = PBXGroup;
			children = (
				BAD50E2D25E6740400122273 /* CalcTableViewCell.xib */,
			);
			path = xib;
			sourceTree = "<group>";
		};
		BAD8D03225E739BD00B03DA2 /* ShowCalcController */ = {
			isa = PBXGroup;
			children = (
				BAD8D03325E739E600B03DA2 /* Calc1ViewController.swift */,
				BAC834CB25F26DDE004E7D54 /* Result1ViewController.swift */,
			);
			path = ShowCalcController;
			sourceTree = "<group>";
		};
		BAF405AC25E4904900F0930C = {
			isa = PBXGroup;
			children = (
				BAF405B725E4904A00F0930C /* MoneyApp */,
				BAF405B625E4904A00F0930C /* Products */,
			);
			sourceTree = "<group>";
		};
		BAF405B625E4904A00F0930C /* Products */ = {
			isa = PBXGroup;
			children = (
				BAF405B525E4904A00F0930C /* MoneyApp.app */,
			);
			name = Products;
			sourceTree = "<group>";
		};
		BAF405B725E4904A00F0930C /* MoneyApp */ = {
			isa = PBXGroup;
			children = (
				BAD50E3125E6741400122273 /* xib */,
				BAA9CDFE25E54C1F005A5648 /* Storyboard */,
				BAF405D025E4AC2C00F0930C /* Model */,
				BAF405CE25E4ABFE00F0930C /* Controller */,
				BAF405B825E4904A00F0930C /* AppDelegate.swift */,
				BAF405BA25E4904A00F0930C /* SceneDelegate.swift */,
				BAF405C125E4904A00F0930C /* Assets.xcassets */,
				BAF405C325E4904A00F0930C /* LaunchScreen.storyboard */,
				BAF405C625E4904A00F0930C /* Info.plist */,
			);
			path = MoneyApp;
			sourceTree = "<group>";
		};
		BAF405CE25E4ABFE00F0930C /* Controller */ = {
			isa = PBXGroup;
			children = (
				BAD8D03225E739BD00B03DA2 /* ShowCalcController */,
				BAA9CE0225E54CEA005A5648 /* CalcViewController.swift */,
				BAD50E2C25E6740400122273 /* CalcTableViewCell.swift */,
				BAA9CE0625E55005005A5648 /* TabBarController.swift */,
			);
			path = Controller;
			sourceTree = "<group>";
		};
		BAF405D025E4AC2C00F0930C /* Model */ = {
			isa = PBXGroup;
			children = (
				BAD50E3225E6746600122273 /* Color.swift */,
				BAC834CE25F272F3004E7D54 /* Calc.swift */,
			);
			path = Model;
			sourceTree = "<group>";
		};
/* End PBXGroup section */

/* Begin PBXNativeTarget section */
		BAF405B425E4904A00F0930C /* MoneyApp */ = {
			isa = PBXNativeTarget;
			buildConfigurationList = BAF405C925E4904A00F0930C /* Build configuration list for PBXNativeTarget "MoneyApp" */;
			buildPhases = (
				BAF405B125E4904A00F0930C /* Sources */,
				BAF405B225E4904A00F0930C /* Frameworks */,
				BAF405B325E4904A00F0930C /* Resources */,
			);
			buildRules = (
			);
			dependencies = (
			);
			name = MoneyApp;
			productName = MoneyApp;
			productReference = BAF405B525E4904A00F0930C /* MoneyApp.app */;
			productType = "com.apple.product-type.application";
		};
/* End PBXNativeTarget section */

/* Begin PBXProject section */
		BAF405AD25E4904900F0930C /* Project object */ = {
			isa = PBXProject;
			attributes = {
				LastSwiftUpdateCheck = 1240;
				LastUpgradeCheck = 1240;
				TargetAttributes = {
					BAF405B425E4904A00F0930C = {
						CreatedOnToolsVersion = 12.4;
					};
				};
			};
			buildConfigurationList = BAF405B025E4904900F0930C /* Build configuration list for PBXProject "MoneyApp" */;
			compatibilityVersion = "Xcode 9.3";
			developmentRegion = en;
			hasScannedForEncodings = 0;
			knownRegions = (
				en,
				Base,
			);
			mainGroup = BAF405AC25E4904900F0930C;
			productRefGroup = BAF405B625E4904A00F0930C /* Products */;
			projectDirPath = "";
			projectRoot = "";
			targets = (
				BAF405B425E4904A00F0930C /* MoneyApp */,
			);
		};
/* End PBXProject section */

/* Begin PBXResourcesBuildPhase section */
		BAF405B325E4904A00F0930C /* Resources */ = {
			isa = PBXResourcesBuildPhase;
			buildActionMask = 2147483647;
			files = (
				BAD50E2F25E6740400122273 /* CalcTableViewCell.xib in Resources */,
				BAD8D03025E7398F00B03DA2 /* Calc1.storyboard in Resources */,
				BAF405C525E4904A00F0930C /* LaunchScreen.storyboard in Resources */,
				BAF405C225E4904A00F0930C /* Assets.xcassets in Resources */,
				BAF405C025E4904A00F0930C /* TabBar.storyboard in Resources */,
			);
			runOnlyForDeploymentPostprocessing = 0;
		};
/* End PBXResourcesBuildPhase section */

/* Begin PBXSourcesBuildPhase section */
		BAF405B125E4904A00F0930C /* Sources */ = {
			isa = PBXSourcesBuildPhase;
			buildActionMask = 2147483647;
			files = (
				BAA9CE0325E54CEA005A5648 /* CalcViewController.swift in Sources */,
				BAC834CF25F272F3004E7D54 /* Calc.swift in Sources */,
				BAA9CE0725E55005005A5648 /* TabBarController.swift in Sources */,
				BAF405B925E4904A00F0930C /* AppDelegate.swift in Sources */,
				BAD50E2E25E6740400122273 /* CalcTableViewCell.swift in Sources */,
				BAD8D03425E739E600B03DA2 /* Calc1ViewController.swift in Sources */,
				BAC834CC25F26DDE004E7D54 /* Result1ViewController.swift in Sources */,
				BAF405BB25E4904A00F0930C /* SceneDelegate.swift in Sources */,
				BAD50E3325E6746600122273 /* Color.swift in Sources */,
			);
			runOnlyForDeploymentPostprocessing = 0;
		};
/* End PBXSourcesBuildPhase section */

/* Begin PBXVariantGroup section */
		BAF405BE25E4904A00F0930C /* TabBar.storyboard */ = {
			isa = PBXVariantGroup;
			children = (
				BAF405BF25E4904A00F0930C /* Base */,
			);
			name = TabBar.storyboard;
			sourceTree = "<group>";
		};
		BAF405C325E4904A00F0930C /* LaunchScreen.storyboard */ = {
			isa = PBXVariantGroup;
			children = (
				BAF405C425E4904A00F0930C /* Base */,
			);
			name = LaunchScreen.storyboard;
			sourceTree = "<group>";
		};
/* End PBXVariantGroup section */

/* Begin XCBuildConfiguration section */
		BAF405C725E4904A00F0930C /* Debug */ = {
			isa = XCBuildConfiguration;
			buildSettings = {
				ALWAYS_SEARCH_USER_PATHS = NO;
				CLANG_ANALYZER_NONNULL = YES;
				CLANG_ANALYZER_NUMBER_OBJECT_CONVERSION = YES_AGGRESSIVE;
				CLANG_CXX_LANGUAGE_STANDARD = "gnu++14";
				CLANG_CXX_LIBRARY = "libc++";
				CLANG_ENABLE_MODULES = YES;
				CLANG_ENABLE_OBJC_ARC = YES;
				CLANG_ENABLE_OBJC_WEAK = YES;
				CLANG_WARN_BLOCK_CAPTURE_AUTORELEASING = YES;
				CLANG_WARN_BOOL_CONVERSION = YES;
				CLANG_WARN_COMMA = YES;
				CLANG_WARN_CONSTANT_CONVERSION = YES;
				CLANG_WARN_DEPRECATED_OBJC_IMPLEMENTATIONS = YES;
				CLANG_WARN_DIRECT_OBJC_ISA_USAGE = YES_ERROR;
				CLANG_WARN_DOCUMENTATION_COMMENTS = YES;
				CLANG_WARN_EMPTY_BODY = YES;
				CLANG_WARN_ENUM_CONVERSION = YES;
				CLANG_WARN_INFINITE_RECURSION = YES;
				CLANG_WARN_INT_CONVERSION = YES;
				CLANG_WARN_NON_LITERAL_NULL_CONVERSION = YES;
				CLANG_WARN_OBJC_IMPLICIT_RETAIN_SELF = YES;
				CLANG_WARN_OBJC_LITERAL_CONVERSION = YES;
				CLANG_WARN_OBJC_ROOT_CLASS = YES_ERROR;
				CLANG_WARN_QUOTED_INCLUDE_IN_FRAMEWORK_HEADER = YES;
				CLANG_WARN_RANGE_LOOP_ANALYSIS = YES;
				CLANG_WARN_STRICT_PROTOTYPES = YES;
				CLANG_WARN_SUSPICIOUS_MOVE = YES;
				CLANG_WARN_UNGUARDED_AVAILABILITY = YES_AGGRESSIVE;
				CLANG_WARN_UNREACHABLE_CODE = YES;
				CLANG_WARN__DUPLICATE_METHOD_MATCH = YES;
				COPY_PHASE_STRIP = NO;
				DEBUG_INFORMATION_FORMAT = dwarf;
				ENABLE_STRICT_OBJC_MSGSEND = YES;
				ENABLE_TESTABILITY = YES;
				GCC_C_LANGUAGE_STANDARD = gnu11;
				GCC_DYNAMIC_NO_PIC = NO;
				GCC_NO_COMMON_BLOCKS = YES;
				GCC_OPTIMIZATION_LEVEL = 0;
				GCC_PREPROCESSOR_DEFINITIONS = (
					"DEBUG=1",
					"$(inherited)",
				);
				GCC_WARN_64_TO_32_BIT_CONVERSION = YES;
				GCC_WARN_ABOUT_RETURN_TYPE = YES_ERROR;
				GCC_WARN_UNDECLARED_SELECTOR = YES;
				GCC_WARN_UNINITIALIZED_AUTOS = YES_AGGRESSIVE;
				GCC_WARN_UNUSED_FUNCTION = YES;
				GCC_WARN_UNUSED_VARIABLE = YES;
				IPHONEOS_DEPLOYMENT_TARGET = 13.2;
				MTL_ENABLE_DEBUG_INFO = INCLUDE_SOURCE;
				MTL_FAST_MATH = YES;
				ONLY_ACTIVE_ARCH = YES;
				SDKROOT = iphoneos;
				SWIFT_ACTIVE_COMPILATION_CONDITIONS = DEBUG;
				SWIFT_OPTIMIZATION_LEVEL = "-Onone";
			};
			name = Debug;
		};
		BAF405C825E4904A00F0930C /* Release */ = {
			isa = XCBuildConfiguration;
			buildSettings = {
				ALWAYS_SEARCH_USER_PATHS = NO;
				CLANG_ANALYZER_NONNULL = YES;
				CLANG_ANALYZER_NUMBER_OBJECT_CONVERSION = YES_AGGRESSIVE;
				CLANG_CXX_LANGUAGE_STANDARD = "gnu++14";
				CLANG_CXX_LIBRARY = "libc++";
				CLANG_ENABLE_MODULES = YES;
				CLANG_ENABLE_OBJC_ARC = YES;
				CLANG_ENABLE_OBJC_WEAK = YES;
				CLANG_WARN_BLOCK_CAPTURE_AUTORELEASING = YES;
				CLANG_WARN_BOOL_CONVERSION = YES;
				CLANG_WARN_COMMA = YES;
				CLANG_WARN_CONSTANT_CONVERSION = YES;
				CLANG_WARN_DEPRECATED_OBJC_IMPLEMENTATIONS = YES;
				CLANG_WARN_DIRECT_OBJC_ISA_USAGE = YES_ERROR;
				CLANG_WARN_DOCUMENTATION_COMMENTS = YES;
				CLANG_WARN_EMPTY_BODY = YES;
				CLANG_WARN_ENUM_CONVERSION = YES;
				CLANG_WARN_INFINITE_RECURSION = YES;
				CLANG_WARN_INT_CONVERSION = YES;
				CLANG_WARN_NON_LITERAL_NULL_CONVERSION = YES;
				CLANG_WARN_OBJC_IMPLICIT_RETAIN_SELF = YES;
				CLANG_WARN_OBJC_LITERAL_CONVERSION = YES;
				CLANG_WARN_OBJC_ROOT_CLASS = YES_ERROR;
				CLANG_WARN_QUOTED_INCLUDE_IN_FRAMEWORK_HEADER = YES;
				CLANG_WARN_RANGE_LOOP_ANALYSIS = YES;
				CLANG_WARN_STRICT_PROTOTYPES = YES;
				CLANG_WARN_SUSPICIOUS_MOVE = YES;
				CLANG_WARN_UNGUARDED_AVAILABILITY = YES_AGGRESSIVE;
				CLANG_WARN_UNREACHABLE_CODE = YES;
				CLANG_WARN__DUPLICATE_METHOD_MATCH = YES;
				COPY_PHASE_STRIP = NO;
				DEBUG_INFORMATION_FORMAT = "dwarf-with-dsym";
				ENABLE_NS_ASSERTIONS = NO;
				ENABLE_STRICT_OBJC_MSGSEND = YES;
				GCC_C_LANGUAGE_STANDARD = gnu11;
				GCC_NO_COMMON_BLOCKS = YES;
				GCC_WARN_64_TO_32_BIT_CONVERSION = YES;
				GCC_WARN_ABOUT_RETURN_TYPE = YES_ERROR;
				GCC_WARN_UNDECLARED_SELECTOR = YES;
				GCC_WARN_UNINITIALIZED_AUTOS = YES_AGGRESSIVE;
				GCC_WARN_UNUSED_FUNCTION = YES;
				GCC_WARN_UNUSED_VARIABLE = YES;
				IPHONEOS_DEPLOYMENT_TARGET = 13.2;
				MTL_ENABLE_DEBUG_INFO = NO;
				MTL_FAST_MATH = YES;
				SDKROOT = iphoneos;
				SWIFT_COMPILATION_MODE = wholemodule;
				SWIFT_OPTIMIZATION_LEVEL = "-O";
				VALIDATE_PRODUCT = YES;
			};
			name = Release;
		};
		BAF405CA25E4904A00F0930C /* Debug */ = {
			isa = XCBuildConfiguration;
			buildSettings = {
				ASSETCATALOG_COMPILER_APPICON_NAME = AppIcon;
				ASSETCATALOG_COMPILER_GLOBAL_ACCENT_COLOR_NAME = AccentColor;
				CODE_SIGN_STYLE = Automatic;
				DEVELOPMENT_TEAM = CV36A8BGUL;
				INFOPLIST_FILE = MoneyApp/Info.plist;
				LD_RUNPATH_SEARCH_PATHS = (
					"$(inherited)",
					"@executable_path/Frameworks",
				);
				PRODUCT_BUNDLE_IDENTIFIER = com.shige.MoneyApp;
				PRODUCT_NAME = "$(TARGET_NAME)";
				SWIFT_VERSION = 5.0;
				TARGETED_DEVICE_FAMILY = "1,2";
			};
			name = Debug;
		};
		BAF405CB25E4904A00F0930C /* Release */ = {
			isa = XCBuildConfiguration;
			buildSettings = {
				ASSETCATALOG_COMPILER_APPICON_NAME = AppIcon;
				ASSETCATALOG_COMPILER_GLOBAL_ACCENT_COLOR_NAME = AccentColor;
				CODE_SIGN_STYLE = Automatic;
				DEVELOPMENT_TEAM = CV36A8BGUL;
				INFOPLIST_FILE = MoneyApp/Info.plist;
				LD_RUNPATH_SEARCH_PATHS = (
					"$(inherited)",
					"@executable_path/Frameworks",
				);
				PRODUCT_BUNDLE_IDENTIFIER = com.shige.MoneyApp;
				PRODUCT_NAME = "$(TARGET_NAME)";
				SWIFT_VERSION = 5.0;
				TARGETED_DEVICE_FAMILY = "1,2";
			};
			name = Release;
		};
/* End XCBuildConfiguration section */

/* Begin XCConfigurationList section */
		BAF405B025E4904900F0930C /* Build configuration list for PBXProject "MoneyApp" */ = {
			isa = XCConfigurationList;
			buildConfigurations = (
				BAF405C725E4904A00F0930C /* Debug */,
				BAF405C825E4904A00F0930C /* Release */,
			);
			defaultConfigurationIsVisible = 0;
			defaultConfigurationName = Release;
		};
		BAF405C925E4904A00F0930C /* Build configuration list for PBXNativeTarget "MoneyApp" */ = {
			isa = XCConfigurationList;
			buildConfigurations = (
				BAF405CA25E4904A00F0930C /* Debug */,
				BAF405CB25E4904A00F0930C /* Release */,
			);
			defaultConfigurationIsVisible = 0;
			defaultConfigurationName = Release;
		};
/* End XCConfigurationList section */
	};
	rootObject = BAF405AD25E4904900F0930C /* Project object */;
}
